
Microsoft Visual Studio Solution File, Format Version 12.00
# Visual Studio 2012
Project("{FAE04EC0-301F-11D3-BF4B-00C04F79EFBC}") = "aclara_meters.Android", "aclara_meters.Android\aclara_meters.Android.csproj", "{C575974E-22A1-4C63-B127-4C89D873DBA3}"
EndProject
Project("{FAE04EC0-301F-11D3-BF4B-00C04F79EFBC}") = "aclara_meters.iOS", "aclara_meters.iOS\aclara_meters.iOS.csproj", "{6647D796-74D3-48BC-8011-1E783F835121}"
EndProject
Project("{FAE04EC0-301F-11D3-BF4B-00C04F79EFBC}") = "aclara_meters", "aclara_meters\aclara_meters.csproj", "{81D262C1-FBC5-40E5-941A-A4CD3727E932}"
EndProject
Project("{FAE04EC0-301F-11D3-BF4B-00C04F79EFBC}") = "ble_library", "ble_library\ble_library.csproj", "{8CB6F328-19DD-414E-8925-224894C76FF9}"
EndProject
Project("{FAE04EC0-301F-11D3-BF4B-00C04F79EFBC}") = "Lexi", "Lexi\Lexi.csproj", "{271B10C5-8EBA-4E82-B291-C05203F1B6C8}"
EndProject
Global
	GlobalSection(SolutionConfigurationPlatforms) = preSolution
		Debug|Any CPU = Debug|Any CPU
		Release|Any CPU = Release|Any CPU
		Debug|iPhoneSimulator = Debug|iPhoneSimulator
		Release|iPhoneSimulator = Release|iPhoneSimulator
		Debug|iPhone = Debug|iPhone
		Release|iPhone = Release|iPhone
		Ad-Hoc|iPhone = Ad-Hoc|iPhone
		AppStore|iPhone = AppStore|iPhone
	EndGlobalSection
	GlobalSection(ProjectConfigurationPlatforms) = postSolution
		{C575974E-22A1-4C63-B127-4C89D873DBA3}.Debug|Any CPU.ActiveCfg = Debug|Any CPU
		{C575974E-22A1-4C63-B127-4C89D873DBA3}.Debug|Any CPU.Build.0 = Debug|Any CPU
		{C575974E-22A1-4C63-B127-4C89D873DBA3}.Release|Any CPU.ActiveCfg = Release|Any CPU
		{C575974E-22A1-4C63-B127-4C89D873DBA3}.Release|Any CPU.Build.0 = Release|Any CPU
		{C575974E-22A1-4C63-B127-4C89D873DBA3}.Debug|iPhoneSimulator.ActiveCfg = Debug|Any CPU
		{C575974E-22A1-4C63-B127-4C89D873DBA3}.Debug|iPhoneSimulator.Build.0 = Debug|Any CPU
		{C575974E-22A1-4C63-B127-4C89D873DBA3}.Release|iPhoneSimulator.ActiveCfg = Release|Any CPU
		{C575974E-22A1-4C63-B127-4C89D873DBA3}.Release|iPhoneSimulator.Build.0 = Release|Any CPU
		{C575974E-22A1-4C63-B127-4C89D873DBA3}.Debug|iPhone.ActiveCfg = Debug|Any CPU
		{C575974E-22A1-4C63-B127-4C89D873DBA3}.Debug|iPhone.Build.0 = Debug|Any CPU
		{C575974E-22A1-4C63-B127-4C89D873DBA3}.Release|iPhone.ActiveCfg = Release|Any CPU
		{C575974E-22A1-4C63-B127-4C89D873DBA3}.Release|iPhone.Build.0 = Release|Any CPU
		{C575974E-22A1-4C63-B127-4C89D873DBA3}.Ad-Hoc|iPhone.ActiveCfg = Debug|Any CPU
		{C575974E-22A1-4C63-B127-4C89D873DBA3}.Ad-Hoc|iPhone.Build.0 = Debug|Any CPU
		{C575974E-22A1-4C63-B127-4C89D873DBA3}.AppStore|iPhone.ActiveCfg = Debug|Any CPU
		{C575974E-22A1-4C63-B127-4C89D873DBA3}.AppStore|iPhone.Build.0 = Debug|Any CPU
		{6647D796-74D3-48BC-8011-1E783F835121}.Debug|Any CPU.ActiveCfg = Debug|iPhone
		{6647D796-74D3-48BC-8011-1E783F835121}.Debug|Any CPU.Build.0 = Debug|iPhone
		{6647D796-74D3-48BC-8011-1E783F835121}.Release|Any CPU.ActiveCfg = Release|iPhoneSimulator
		{6647D796-74D3-48BC-8011-1E783F835121}.Release|Any CPU.Build.0 = Release|iPhoneSimulator
		{6647D796-74D3-48BC-8011-1E783F835121}.Debug|iPhoneSimulator.ActiveCfg = Debug|iPhoneSimulator
		{6647D796-74D3-48BC-8011-1E783F835121}.Debug|iPhoneSimulator.Build.0 = Debug|iPhoneSimulator
		{6647D796-74D3-48BC-8011-1E783F835121}.Release|iPhoneSimulator.ActiveCfg = Release|iPhoneSimulator
		{6647D796-74D3-48BC-8011-1E783F835121}.Release|iPhoneSimulator.Build.0 = Release|iPhoneSimulator
		{6647D796-74D3-48BC-8011-1E783F835121}.Debug|iPhone.ActiveCfg = Debug|iPhone
		{6647D796-74D3-48BC-8011-1E783F835121}.Debug|iPhone.Build.0 = Debug|iPhone
		{6647D796-74D3-48BC-8011-1E783F835121}.Release|iPhone.ActiveCfg = Release|iPhone
		{6647D796-74D3-48BC-8011-1E783F835121}.Release|iPhone.Build.0 = Release|iPhone
		{6647D796-74D3-48BC-8011-1E783F835121}.Ad-Hoc|iPhone.ActiveCfg = Ad-Hoc|iPhone
		{6647D796-74D3-48BC-8011-1E783F835121}.Ad-Hoc|iPhone.Build.0 = Ad-Hoc|iPhone
		{6647D796-74D3-48BC-8011-1E783F835121}.AppStore|iPhone.ActiveCfg = AppStore|iPhone
		{6647D796-74D3-48BC-8011-1E783F835121}.AppStore|iPhone.Build.0 = AppStore|iPhone
		{81D262C1-FBC5-40E5-941A-A4CD3727E932}.Debug|Any CPU.ActiveCfg = Debug|Any CPU
		{81D262C1-FBC5-40E5-941A-A4CD3727E932}.Debug|Any CPU.Build.0 = Debug|Any CPU
		{81D262C1-FBC5-40E5-941A-A4CD3727E932}.Release|Any CPU.ActiveCfg = Release|Any CPU
		{81D262C1-FBC5-40E5-941A-A4CD3727E932}.Release|Any CPU.Build.0 = Release|Any CPU
		{81D262C1-FBC5-40E5-941A-A4CD3727E932}.Debug|iPhoneSimulator.ActiveCfg = Debug|Any CPU
		{81D262C1-FBC5-40E5-941A-A4CD3727E932}.Debug|iPhoneSimulator.Build.0 = Debug|Any CPU
		{81D262C1-FBC5-40E5-941A-A4CD3727E932}.Release|iPhoneSimulator.ActiveCfg = Release|Any CPU
		{81D262C1-FBC5-40E5-941A-A4CD3727E932}.Release|iPhoneSimulator.Build.0 = Release|Any CPU
		{81D262C1-FBC5-40E5-941A-A4CD3727E932}.Debug|iPhone.ActiveCfg = Debug|Any CPU
		{81D262C1-FBC5-40E5-941A-A4CD3727E932}.Debug|iPhone.Build.0 = Debug|Any CPU
		{81D262C1-FBC5-40E5-941A-A4CD3727E932}.Release|iPhone.ActiveCfg = Release|Any CPU
		{81D262C1-FBC5-40E5-941A-A4CD3727E932}.Release|iPhone.Build.0 = Release|Any CPU
		{81D262C1-FBC5-40E5-941A-A4CD3727E932}.Ad-Hoc|iPhone.ActiveCfg = Debug|Any CPU
		{81D262C1-FBC5-40E5-941A-A4CD3727E932}.Ad-Hoc|iPhone.Build.0 = Debug|Any CPU
		{81D262C1-FBC5-40E5-941A-A4CD3727E932}.AppStore|iPhone.ActiveCfg = Debug|Any CPU
		{81D262C1-FBC5-40E5-941A-A4CD3727E932}.AppStore|iPhone.Build.0 = Debug|Any CPU
		{8CB6F328-19DD-414E-8925-224894C76FF9}.Debug|Any CPU.ActiveCfg = Debug|Any CPU
		{8CB6F328-19DD-414E-8925-224894C76FF9}.Debug|Any CPU.Build.0 = Debug|Any CPU
		{8CB6F328-19DD-414E-8925-224894C76FF9}.Release|Any CPU.ActiveCfg = Release|Any CPU
		{8CB6F328-19DD-414E-8925-224894C76FF9}.Release|Any CPU.Build.0 = Release|Any CPU
		{8CB6F328-19DD-414E-8925-224894C76FF9}.Debug|iPhoneSimulator.ActiveCfg = Debug|Any CPU
		{8CB6F328-19DD-414E-8925-224894C76FF9}.Debug|iPhoneSimulator.Build.0 = Debug|Any CPU
		{8CB6F328-19DD-414E-8925-224894C76FF9}.Release|iPhoneSimulator.ActiveCfg = Release|Any CPU
		{8CB6F328-19DD-414E-8925-224894C76FF9}.Release|iPhoneSimulator.Build.0 = Release|Any CPU
		{8CB6F328-19DD-414E-8925-224894C76FF9}.Debug|iPhone.ActiveCfg = Debug|Any CPU
		{8CB6F328-19DD-414E-8925-224894C76FF9}.Debug|iPhone.Build.0 = Debug|Any CPU
		{8CB6F328-19DD-414E-8925-224894C76FF9}.Release|iPhone.ActiveCfg = Release|Any CPU
		{8CB6F328-19DD-414E-8925-224894C76FF9}.Release|iPhone.Build.0 = Release|Any CPU
		{8CB6F328-19DD-414E-8925-224894C76FF9}.Ad-Hoc|iPhone.ActiveCfg = Release|Any CPU
		{8CB6F328-19DD-414E-8925-224894C76FF9}.Ad-Hoc|iPhone.Build.0 = Release|Any CPU
		{8CB6F328-19DD-414E-8925-224894C76FF9}.AppStore|iPhone.ActiveCfg = Release|Any CPU
		{8CB6F328-19DD-414E-8925-224894C76FF9}.AppStore|iPhone.Build.0 = Release|Any CPU
		{271B10C5-8EBA-4E82-B291-C05203F1B6C8}.Debug|Any CPU.ActiveCfg = Debug|Any CPU
		{271B10C5-8EBA-4E82-B291-C05203F1B6C8}.Debug|Any CPU.Build.0 = Debug|Any CPU
		{271B10C5-8EBA-4E82-B291-C05203F1B6C8}.Release|Any CPU.ActiveCfg = Release|Any CPU
		{271B10C5-8EBA-4E82-B291-C05203F1B6C8}.Release|Any CPU.Build.0 = Release|Any CPU
		{271B10C5-8EBA-4E82-B291-C05203F1B6C8}.Debug|iPhoneSimulator.ActiveCfg = Debug|Any CPU
		{271B10C5-8EBA-4E82-B291-C05203F1B6C8}.Debug|iPhoneSimulator.Build.0 = Debug|Any CPU
		{271B10C5-8EBA-4E82-B291-C05203F1B6C8}.Release|iPhoneSimulator.ActiveCfg = Release|Any CPU
		{271B10C5-8EBA-4E82-B291-C05203F1B6C8}.Release|iPhoneSimulator.Build.0 = Release|Any CPU
		{271B10C5-8EBA-4E82-B291-C05203F1B6C8}.Debug|iPhone.ActiveCfg = Debug|Any CPU
		{271B10C5-8EBA-4E82-B291-C05203F1B6C8}.Debug|iPhone.Build.0 = Debug|Any CPU
		{271B10C5-8EBA-4E82-B291-C05203F1B6C8}.Release|iPhone.ActiveCfg = Release|Any CPU
		{271B10C5-8EBA-4E82-B291-C05203F1B6C8}.Release|iPhone.Build.0 = Release|Any CPU
		{271B10C5-8EBA-4E82-B291-C05203F1B6C8}.Ad-Hoc|iPhone.ActiveCfg = Debug|Any CPU
		{271B10C5-8EBA-4E82-B291-C05203F1B6C8}.Ad-Hoc|iPhone.Build.0 = Debug|Any CPU
		{271B10C5-8EBA-4E82-B291-C05203F1B6C8}.AppStore|iPhone.ActiveCfg = Debug|Any CPU
		{271B10C5-8EBA-4E82-B291-C05203F1B6C8}.AppStore|iPhone.Build.0 = Debug|Any CPU
	EndGlobalSection
	GlobalSection(MonoDevelopProperties) = preSolution
		Policies = $0
		$0.DotNetNamingPolicy = $1
		$1.DirectoryNamespaceAssociation = PrefixedHierarchical
		$0.VersionControlPolicy = $2
	EndGlobalSection
EndGlobal
